<Solution>
  <Folder Name="/src/">
    <File Path="docker-compose.yml" />
    <File Path="Dockerfile" />
    <File Path="README.md" />
    <Project Path="src/EduApoyos.API/EduApoyos.API.csproj" />
    <Project Path="src/EduApoyos.Application/EduApoyos.Application.csproj" />
    <Project Path="src/EduApoyos.Domain/EduApoyos.Domain.csproj" />
    <Project Path="src/EduApoyos.Infrastructure/EduApoyos.Infrastructure.csproj" />
  </Folder>
  <Folder Name="/tests/">
    <Project Path="tests/EduApoyos.Application.Tests/EduApoyos.Application.Tests.csproj" />
  </Folder>
</Solution>
